
Microsoft Visual Studio Solution File, Format Version 12.00
# Visual Studio Version 17
VisualStudioVersion = 17.8.34330.188
MinimumVisualStudioVersion = 10.0.40219.1
Project("{9A19103F-16F7-4668-BE54-9A1E7A4F7556}") = "WebAPIManagingProductWithRepositoryPattern", "WebAPIManagingProductWithRepositoryPattern.csproj", "{02BE0F55-1D09-4ECC-8D37-9242717DBAD4}"
EndProject
Project("{9A19103F-16F7-4668-BE54-9A1E7A4F7556}") = "ENTITIES", "..\ENTITIES\ENTITIES.csproj", "{2BC98C84-ED1E-4B86-898B-0977829364D9}"
EndProject
Project("{9A19103F-16F7-4668-BE54-9A1E7A4F7556}") = "DAL", "..\DAL\DAL.csproj", "{F9DE23AB-0C96-4608-BD04-66E028989620}"
EndProject
Global
	GlobalSection(SolutionConfigurationPlatforms) = preSolution
		Debug|Any CPU = Debug|Any CPU
		Release|Any CPU = Release|Any CPU
	EndGlobalSection
	GlobalSection(ProjectConfigurationPlatforms) = postSolution
		{02BE0F55-1D09-4ECC-8D37-9242717DBAD4}.Debug|Any CPU.ActiveCfg = Debug|Any CPU
		{02BE0F55-1D09-4ECC-8D37-9242717DBAD4}.Debug|Any CPU.Build.0 = Debug|Any CPU
		{02BE0F55-1D09-4ECC-8D37-9242717DBAD4}.Release|Any CPU.ActiveCfg = Release|Any CPU
		{02BE0F55-1D09-4ECC-8D37-9242717DBAD4}.Release|Any CPU.Build.0 = Release|Any CPU
		{2BC98C84-ED1E-4B86-898B-0977829364D9}.Debug|Any CPU.ActiveCfg = Debug|Any CPU
		{2BC98C84-ED1E-4B86-898B-0977829364D9}.Debug|Any CPU.Build.0 = Debug|Any CPU
		{2BC98C84-ED1E-4B86-898B-0977829364D9}.Release|Any CPU.ActiveCfg = Release|Any CPU
		{2BC98C84-ED1E-4B86-898B-0977829364D9}.Release|Any CPU.Build.0 = Release|Any CPU
		{F9DE23AB-0C96-4608-BD04-66E028989620}.Debug|Any CPU.ActiveCfg = Debug|Any CPU
		{F9DE23AB-0C96-4608-BD04-66E028989620}.Debug|Any CPU.Build.0 = Debug|Any CPU
		{F9DE23AB-0C96-4608-BD04-66E028989620}.Release|Any CPU.ActiveCfg = Release|Any CPU
		{F9DE23AB-0C96-4608-BD04-66E028989620}.Release|Any CPU.Build.0 = Release|Any CPU
	EndGlobalSection
	GlobalSection(SolutionProperties) = preSolution
		HideSolutionNode = FALSE
	EndGlobalSection
	GlobalSection(ExtensibilityGlobals) = postSolution
		SolutionGuid = {3F2359BB-D4B2-4DE6-B7EB-DBA4756C9C2A}
	EndGlobalSection
EndGlobal
